{
  "requires": true,
  "lockfileVersion": 1,
  "dependencies": {
    "xterm": {
      "version": "3.1.0",
      "resolved": "https://registry.npmjs.org/xterm/-/xterm-3.1.0.tgz",
      "integrity": "sha512-xv4QQQAu8PjAPZE7m0h+i9X9z3vR82wPe0H3g4D9CbyDuQDNt1e+lxeTrkLwuMH3jcxqfHayu3Mu+iyQh62ECg=="
    }
  }
}
